
Microsoft Visual Studio Solution File, Format Version 12.00
# Visual Studio Version 16
VisualStudioVersion = 16.0.29728.190
MinimumVisualStudioVersion = 10.0.40219.1
Project("{9A19103F-16F7-4668-BE54-9A1E7A4F7556}") = "University", "University.csproj", "{4030159F-3650-4FE3-8D96-5B0443F26748}"
EndProject
Global
	GlobalSection(SolutionConfigurationPlatforms) = preSolution
		Debug|Any CPU = Debug|Any CPU
		Release|Any CPU = Release|Any CPU
	EndGlobalSection
	GlobalSection(ProjectConfigurationPlatforms) = postSolution
		{4030159F-3650-4FE3-8D96-5B0443F26748}.Debug|Any CPU.ActiveCfg = Debug|Any CPU
		{4030159F-3650-4FE3-8D96-5B0443F26748}.Debug|Any CPU.Build.0 = Debug|Any CPU
		{4030159F-3650-4FE3-8D96-5B0443F26748}.Release|Any CPU.ActiveCfg = Release|Any CPU
		{4030159F-3650-4FE3-8D96-5B0443F26748}.Release|Any CPU.Build.0 = Release|Any CPU
	EndGlobalSection
	GlobalSection(SolutionProperties) = preSolution
		HideSolutionNode = FALSE
	EndGlobalSection
	GlobalSection(ExtensibilityGlobals) = postSolution
		SolutionGuid = {71703A8A-8BD8-4175-94C4-23BC7CEB247C}
	EndGlobalSection
EndGlobal
